
Microsoft Visual Studio Solution File, Format Version 12.00
# Visual Studio Version 16
VisualStudioVersion = 16.0.30204.135
MinimumVisualStudioVersion = 10.0.40219.1
Project("{9A19103F-16F7-4668-BE54-9A1E7A4F7556}") = "ICE.SDKtoAPI", "ICE.SDKtoAPI\ICE.SDKtoAPI.csproj", "{FD92D0C7-30D3-4F0F-98D7-418C12924EC6}"
EndProject
Global
	GlobalSection(SolutionConfigurationPlatforms) = preSolution
		Debug|Any CPU = Debug|Any CPU
		Release|Any CPU = Release|Any CPU
	EndGlobalSection
	GlobalSection(ProjectConfigurationPlatforms) = postSolution
		{FD92D0C7-30D3-4F0F-98D7-418C12924EC6}.Debug|Any CPU.ActiveCfg = Debug|Any CPU
		{FD92D0C7-30D3-4F0F-98D7-418C12924EC6}.Debug|Any CPU.Build.0 = Debug|Any CPU
		{FD92D0C7-30D3-4F0F-98D7-418C12924EC6}.Release|Any CPU.ActiveCfg = Release|Any CPU
		{FD92D0C7-30D3-4F0F-98D7-418C12924EC6}.Release|Any CPU.Build.0 = Release|Any CPU
	EndGlobalSection
	GlobalSection(SolutionProperties) = preSolution
		HideSolutionNode = FALSE
	EndGlobalSection
	GlobalSection(ExtensibilityGlobals) = postSolution
		SolutionGuid = {F4BD08C0-E1A8-4516-BC97-E66247FF2E4E}
	EndGlobalSection
EndGlobal
